{
  "originHash" : "da2fb65144e329bf5a87f7a3d2ba01ef569d9b902958477a4e01b3df6a908760",
  "pins" : [
    {
      "identity" : "base32kit",
      "kind" : "remoteSourceControl",
      "location" : "https://github.com/jenslauterbach/Base32Kit.git",
      "state" : {
        "revision" : "34e7e2796cb8d791df6f9a275a858048fcf52700",
        "version" : "0.2.1"
      }
    },
    {
      "identity" : "confettiswiftui",
      "kind" : "remoteSourceControl",
      "location" : "https://github.com/simibac/ConfettiSwiftUI.git",
      "state" : {
        "revision" : "79666d42b882bf7921b1941fa7c636d681d77980",
        "version" : "2.0.3"
      }
    },
    {
      "identity" : "purchases-ios",
      "kind" : "remoteSourceControl",
      "location" : "https://github.com/RevenueCat/purchases-ios.git",
      "state" : {
        "revision" : "e45bb84b726885492ce4e7ee94ddb252d171a205",
        "version" : "5.92.0"
      }
    },
    {
      "identity" : "runestone",
      "kind" : "remoteSourceControl",
      "location" : "https://github.com/simonbs/Runestone",
      "state" : {
        "revision" : "592434a103a4d1ab83e14f87ac6eef569dd7a99d",
        "version" : "0.5.2"
      }
    },
    {
      "identity" : "sqlite.swift",
      "kind" : "remoteSourceControl",
      "location" : "https://github.com/stephencelis/SQLite.swift",
      "state" : {
        "revision" : "0c08856385fe24f7b76d8c51842d78a196e8e817",
        "version" : "0.15.5"
      }
    },
    {
      "identity" : "swiftcbor",
      "kind" : "remoteSourceControl",
      "location" : "https://github.com/unrelentingtech/SwiftCBOR",
      "state" : {
        "branch" : "master",
        "revision" : "08606545e2c67e4ab65c7c7574a8758ffa2b365e"
      }
    },
    {
      "identity" : "swiftui-cached-async-image",
      "kind" : "remoteSourceControl",
      "location" : "https://github.com/lorenzofiamingo/swiftui-cached-async-image",
      "state" : {
        "revision" : "58d9324354f8b321f0aad906f0abdaa4ded9243f",
        "version" : "1.11.0"
      }
    },
    {
      "identity" : "tree-sitter",
      "kind" : "remoteSourceControl",
      "location" : "https://github.com/tree-sitter/tree-sitter",
      "state" : {
        "revision" : "98be227227af10cc7a269cb3ffb23686c0610b17",
        "version" : "0.20.9"
      }
    },
    {
      "identity" : "treesitterlanguages",
      "kind" : "remoteSourceControl",
      "location" : "https://github.com/simonbs/treesitterlanguages",
      "state" : {
        "revision" : "15cf3a9ec3ab95e0d058b7df9f35619123c9e02d",
        "version" : "0.1.10"
      }
    },
    {
      "identity" : "zipfoundation",
      "kind" : "remoteSourceControl",
      "location" : "https://github.com/weichsel/ZIPFoundation.git",
      "state" : {
        "revision" : "22787ffb59de99e5dc1fbfe80b19c97a904ad48d",
        "version" : "0.9.20"
      }
    }
  ],
  "version" : 3
}
